// !$*UTF8*$!
{
	archiveVersion = 1;
	classes = {
	};
	objectVersion = 46;
	objects = {

/* Begin PBXBuildFile section */
		3EA606831E7A665500D42E37 /* .gitignore in Resources */ = {isa = PBXBuildFile; fileRef = 3EA606821E7A665500D42E37 /* .gitignore */; };
		3EA606881E7A672A00D42E37 /* Reachability.m in Sources */ = {isa = PBXBuildFile; fileRef = 3EA606871E7A672A00D42E37 /* Reachability.m */; };
		3EA6068B1E7A684600D42E37 /* HomeVC.swift in Sources */ = {isa = PBXBuildFile; fileRef = 3EA6068A1E7A684600D42E37 /* HomeVC.swift */; };
		3EA6068D1E7A687800D42E37 /* SystemConfiguration.framework in Frameworks */ = {isa = PBXBuildFile; fileRef = 3EA6068C1E7A687800D42E37 /* SystemConfiguration.framework */; };
		3EA606951E7A69EB00D42E37 /* Constants.swift in Sources */ = {isa = PBXBuildFile; fileRef = 3EA606941E7A69EB00D42E37 /* Constants.swift */; };
		3EA606971E7A6AF700D42E37 /* RestFulServices.swift in Sources */ = {isa = PBXBuildFile; fileRef = 3EA606961E7A6AF700D42E37 /* RestFulServices.swift */; };
		3EA6069B1E7A6B7500D42E37 /* SwiggyCategoryCell.swift in Sources */ = {isa = PBXBuildFile; fileRef = 3EA6069A1E7A6B7500D42E37 /* SwiggyCategoryCell.swift */; };
		3EA6069D1E7A6B8900D42E37 /* SwiggyVariantCell.swift in Sources */ = {isa = PBXBuildFile; fileRef = 3EA6069C1E7A6B8900D42E37 /* SwiggyVariantCell.swift */; };
		3EA606A21E7A6C8700D42E37 /* SwiggyExclusionList.swift in Sources */ = {isa = PBXBuildFile; fileRef = 3EA606A11E7A6C8700D42E37 /* SwiggyExclusionList.swift */; };
		3EA606A51E7A6CE000D42E37 /* SwiggyCategory.swift in Sources */ = {isa = PBXBuildFile; fileRef = 3EA606A41E7A6CE000D42E37 /* SwiggyCategory.swift */; };
		3EA606A71E7A6CED00D42E37 /* SwiggyVariants.swift in Sources */ = {isa = PBXBuildFile; fileRef = 3EA606A61E7A6CED00D42E37 /* SwiggyVariants.swift */; };
		3EA606A91E7A6CFC00D42E37 /* SwiggyBaseModel.swift in Sources */ = {isa = PBXBuildFile; fileRef = 3EA606A81E7A6CFC00D42E37 /* SwiggyBaseModel.swift */; };
		3EE639E41E7A63A500C5262B /* AppDelegate.swift in Sources */ = {isa = PBXBuildFile; fileRef = 3EE639E31E7A63A500C5262B /* AppDelegate.swift */; };
		3EE639E91E7A63A500C5262B /* Main.storyboard in Resources */ = {isa = PBXBuildFile; fileRef = 3EE639E71E7A63A500C5262B /* Main.storyboard */; };
		3EE639EB1E7A63A500C5262B /* Assets.xcassets in Resources */ = {isa = PBXBuildFile; fileRef = 3EE639EA1E7A63A500C5262B /* Assets.xcassets */; };
		3EE639EE1E7A63A500C5262B /* LaunchScreen.storyboard in Resources */ = {isa = PBXBuildFile; fileRef = 3EE639EC1E7A63A500C5262B /* LaunchScreen.storyboard */; };
		B12350130F390715D8615376 /* Pods_SwiggyAssignment.framework in Frameworks */ = {isa = PBXBuildFile; fileRef = 61876B49B745A4676E5DD699 /* Pods_SwiggyAssignment.framework */; };
/* End PBXBuildFile section */

/* Begin PBXFileReference section */
		2E7BE990647621D259D620F2 /* Pods-SwiggyAssignment.release.xcconfig */ = {isa = PBXFileReference; includeInIndex = 1; lastKnownFileType = text.xcconfig; name = "Pods-SwiggyAssignment.release.xcconfig"; path = "Pods/Target Support Files/Pods-SwiggyAssignment/Pods-SwiggyAssignment.release.xcconfig"; sourceTree = "<group>"; };
		3EA606821E7A665500D42E37 /* .gitignore */ = {isa = PBXFileReference; fileEncoding = 4; lastKnownFileType = text; path = .gitignore; sourceTree = "<group>"; };
		3EA606851E7A672A00D42E37 /* SwiggyAssignment-Bridging-Header.h */ = {isa = PBXFileReference; lastKnownFileType = sourcecode.c.h; path = "SwiggyAssignment-Bridging-Header.h"; sourceTree = "<group>"; };
		3EA606861E7A672A00D42E37 /* Reachability.h */ = {isa = PBXFileReference; fileEncoding = 4; lastKnownFileType = sourcecode.c.h; path = Reachability.h; sourceTree = "<group>"; };
		3EA606871E7A672A00D42E37 /* Reachability.m */ = {isa = PBXFileReference; fileEncoding = 4; lastKnownFileType = sourcecode.c.objc; path = Reachability.m; sourceTree = "<group>"; };
		3EA6068A1E7A684600D42E37 /* HomeVC.swift */ = {isa = PBXFileReference; fileEncoding = 4; lastKnownFileType = sourcecode.swift; path = HomeVC.swift; sourceTree = "<group>"; };
		3EA6068C1E7A687800D42E37 /* SystemConfiguration.framework */ = {isa = PBXFileReference; lastKnownFileType = wrapper.framework; name = SystemConfiguration.framework; path = System/Library/Frameworks/SystemConfiguration.framework; sourceTree = SDKROOT; };
		3EA606941E7A69EB00D42E37 /* Constants.swift */ = {isa = PBXFileReference; fileEncoding = 4; lastKnownFileType = sourcecode.swift; path = Constants.swift; sourceTree = "<group>"; };
		3EA606961E7A6AF700D42E37 /* RestFulServices.swift */ = {isa = PBXFileReference; fileEncoding = 4; lastKnownFileType = sourcecode.swift; path = RestFulServices.swift; sourceTree = "<group>"; };
		3EA6069A1E7A6B7500D42E37 /* SwiggyCategoryCell.swift */ = {isa = PBXFileReference; fileEncoding = 4; lastKnownFileType = sourcecode.swift; path = SwiggyCategoryCell.swift; sourceTree = "<group>"; };
		3EA6069C1E7A6B8900D42E37 /* SwiggyVariantCell.swift */ = {isa = PBXFileReference; fileEncoding = 4; lastKnownFileType = sourcecode.swift; path = SwiggyVariantCell.swift; sourceTree = "<group>"; };
		3EA606A11E7A6C8700D42E37 /* SwiggyExclusionList.swift */ = {isa = PBXFileReference; fileEncoding = 4; lastKnownFileType = sourcecode.swift; path = SwiggyExclusionList.swift; sourceTree = "<group>"; };
		3EA606A41E7A6CE000D42E37 /* SwiggyCategory.swift */ = {isa = PBXFileReference; fileEncoding = 4; lastKnownFileType = sourcecode.swift; path = SwiggyCategory.swift; sourceTree = "<group>"; };
		3EA606A61E7A6CED00D42E37 /* SwiggyVariants.swift */ = {isa = PBXFileReference; fileEncoding = 4; lastKnownFileType = sourcecode.swift; path = SwiggyVariants.swift; sourceTree = "<group>"; };
		3EA606A81E7A6CFC00D42E37 /* SwiggyBaseModel.swift */ = {isa = PBXFileReference; fileEncoding = 4; lastKnownFileType = sourcecode.swift; path = SwiggyBaseModel.swift; sourceTree = "<group>"; };
		3EE639E01E7A63A500C5262B /* SwiggyAssignment.app */ = {isa = PBXFileReference; explicitFileType = wrapper.application; includeInIndex = 0; path = SwiggyAssignment.app; sourceTree = BUILT_PRODUCTS_DIR; };
		3EE639E31E7A63A500C5262B /* AppDelegate.swift */ = {isa = PBXFileReference; lastKnownFileType = sourcecode.swift; name = AppDelegate.swift; path = ../AppDelegate.swift; sourceTree = "<group>"; };
		3EE639E81E7A63A500C5262B /* Base */ = {isa = PBXFileReference; lastKnownFileType = file.storyboard; name = Base; path = Base.lproj/Main.storyboard; sourceTree = "<group>"; };
		3EE639EA1E7A63A500C5262B /* Assets.xcassets */ = {isa = PBXFileReference; lastKnownFileType = folder.assetcatalog; name = Assets.xcassets; path = ../Assets.xcassets; sourceTree = "<group>"; };
		3EE639ED1E7A63A500C5262B /* Base */ = {isa = PBXFileReference; lastKnownFileType = file.storyboard; name = Base; path = Base.lproj/LaunchScreen.storyboard; sourceTree = "<group>"; };
		3EE639EF1E7A63A500C5262B /* Info.plist */ = {isa = PBXFileReference; lastKnownFileType = text.plist.xml; name = Info.plist; path = ../Info.plist; sourceTree = "<group>"; };
		61876B49B745A4676E5DD699 /* Pods_SwiggyAssignment.framework */ = {isa = PBXFileReference; explicitFileType = wrapper.framework; includeInIndex = 0; path = Pods_SwiggyAssignment.framework; sourceTree = BUILT_PRODUCTS_DIR; };
		AB76860CFA58B36159AF737B /* Pods-SwiggyAssignment.debug.xcconfig */ = {isa = PBXFileReference; includeInIndex = 1; lastKnownFileType = text.xcconfig; name = "Pods-SwiggyAssignment.debug.xcconfig"; path = "Pods/Target Support Files/Pods-SwiggyAssignment/Pods-SwiggyAssignment.debug.xcconfig"; sourceTree = "<group>"; };
/* End PBXFileReference section */

/* Begin PBXFrameworksBuildPhase section */
		3EE639DD1E7A63A400C5262B /* Frameworks */ = {
			isa = PBXFrameworksBuildPhase;
			buildActionMask = 2147483647;
			files = (
				3EA6068D1E7A687800D42E37 /* SystemConfiguration.framework in Frameworks */,
				B12350130F390715D8615376 /* Pods_SwiggyAssignment.framework in Frameworks */,
			);
			runOnlyForDeploymentPostprocessing = 0;
		};
/* End PBXFrameworksBuildPhase section */

/* Begin PBXGroup section */
		3EA606811E7A662D00D42E37 /* AppResources */ = {
			isa = PBXGroup;
			children = (
				3EA606821E7A665500D42E37 /* .gitignore */,
				3EE639EA1E7A63A500C5262B /* Assets.xcassets */,
				3EE639EF1E7A63A500C5262B /* Info.plist */,
				3EE639E31E7A63A500C5262B /* AppDelegate.swift */,
			);
			path = AppResources;
			sourceTree = "<group>";
		};
		3EA606841E7A671000D42E37 /* Reachability */ = {
			isa = PBXGroup;
			children = (
				3EA606861E7A672A00D42E37 /* Reachability.h */,
				3EA606871E7A672A00D42E37 /* Reachability.m */,
				3EA606851E7A672A00D42E37 /* SwiggyAssignment-Bridging-Header.h */,
			);
			path = Reachability;
			sourceTree = "<group>";
		};
		3EA606891E7A683300D42E37 /* Controller */ = {
			isa = PBXGroup;
			children = (
				3EA6068A1E7A684600D42E37 /* HomeVC.swift */,
			);
			path = Controller;
			sourceTree = "<group>";
		};
		3EA6068E1E7A68EE00D42E37 /* ViewAndStoryboard */ = {
			isa = PBXGroup;
			children = (
				3EA606901E7A694D00D42E37 /* TableViewCell */,
				3EA6068F1E7A693200D42E37 /* Storyboard */,
			);
			path = ViewAndStoryboard;
			sourceTree = "<group>";
		};
		3EA6068F1E7A693200D42E37 /* Storyboard */ = {
			isa = PBXGroup;
			children = (
				3EE639E71E7A63A500C5262B /* Main.storyboard */,
				3EE639EC1E7A63A500C5262B /* LaunchScreen.storyboard */,
			);
			path = Storyboard;
			sourceTree = "<group>";
		};
		3EA606901E7A694D00D42E37 /* TableViewCell */ = {
			isa = PBXGroup;
			children = (
				3EA606991E7A6B3900D42E37 /* SwiggyVariantCell */,
				3EA606981E7A6B2300D42E37 /* SwiggyCategoryCell */,
			);
			path = TableViewCell;
			sourceTree = "<group>";
		};
		3EA606911E7A695E00D42E37 /* Model */ = {
			isa = PBXGroup;
			children = (
				3EA606A31E7A6CD000D42E37 /* SwiggyCategoryAndVariants */,
				3EA606A01E7A6C5000D42E37 /* SwiggyExclusionList */,
				3EA6069E1E7A6C1600D42E37 /* SwiggyBaseModel */,
			);
			path = Model;
			sourceTree = "<group>";
		};
		3EA606921E7A698500D42E37 /* Utility */ = {
			isa = PBXGroup;
			children = (
				3EA606941E7A69EB00D42E37 /* Constants.swift */,
			);
			path = Utility;
			sourceTree = "<group>";
		};
		3EA606931E7A69A800D42E37 /* RESTServices */ = {
			isa = PBXGroup;
			children = (
				3EA606961E7A6AF700D42E37 /* RestFulServices.swift */,
			);
			path = RESTServices;
			sourceTree = "<group>";
		};
		3EA606981E7A6B2300D42E37 /* SwiggyCategoryCell */ = {
			isa = PBXGroup;
			children = (
				3EA6069A1E7A6B7500D42E37 /* SwiggyCategoryCell.swift */,
			);
			name = SwiggyCategoryCell;
			path = SwiggyCategory;
			sourceTree = "<group>";
		};
		3EA606991E7A6B3900D42E37 /* SwiggyVariantCell */ = {
			isa = PBXGroup;
			children = (
				3EA6069C1E7A6B8900D42E37 /* SwiggyVariantCell.swift */,
			);
			path = SwiggyVariantCell;
			sourceTree = "<group>";
		};
		3EA6069E1E7A6C1600D42E37 /* SwiggyBaseModel */ = {
			isa = PBXGroup;
			children = (
				3EA606A81E7A6CFC00D42E37 /* SwiggyBaseModel.swift */,
			);
			path = SwiggyBaseModel;
			sourceTree = "<group>";
		};
		3EA606A01E7A6C5000D42E37 /* SwiggyExclusionList */ = {
			isa = PBXGroup;
			children = (
				3EA606A11E7A6C8700D42E37 /* SwiggyExclusionList.swift */,
			);
			path = SwiggyExclusionList;
			sourceTree = "<group>";
		};
		3EA606A31E7A6CD000D42E37 /* SwiggyCategoryAndVariants */ = {
			isa = PBXGroup;
			children = (
				3EA606A41E7A6CE000D42E37 /* SwiggyCategory.swift */,
				3EA606A61E7A6CED00D42E37 /* SwiggyVariants.swift */,
			);
			path = SwiggyCategoryAndVariants;
			sourceTree = "<group>";
		};
		3EE639D71E7A63A400C5262B = {
			isa = PBXGroup;
			children = (
				3EE639E21E7A63A500C5262B /* SwiggyAssignment */,
				3EE639E11E7A63A500C5262B /* Products */,
				BD4EEDCECCD55190672D8F61 /* Pods */,
				8372AEFAB07414A9784B033C /* Frameworks */,
			);
			sourceTree = "<group>";
		};
		3EE639E11E7A63A500C5262B /* Products */ = {
			isa = PBXGroup;
			children = (
				3EE639E01E7A63A500C5262B /* SwiggyAssignment.app */,
			);
			name = Products;
			sourceTree = "<group>";
		};
		3EE639E21E7A63A500C5262B /* SwiggyAssignment */ = {
			isa = PBXGroup;
			children = (
				3EA606931E7A69A800D42E37 /* RESTServices */,
				3EA606921E7A698500D42E37 /* Utility */,
				3EA606911E7A695E00D42E37 /* Model */,
				3EA6068E1E7A68EE00D42E37 /* ViewAndStoryboard */,
				3EA606891E7A683300D42E37 /* Controller */,
				3EA606841E7A671000D42E37 /* Reachability */,
				3EA606811E7A662D00D42E37 /* AppResources */,
			);
			path = SwiggyAssignment;
			sourceTree = "<group>";
		};
		8372AEFAB07414A9784B033C /* Frameworks */ = {
			isa = PBXGroup;
			children = (
				3EA6068C1E7A687800D42E37 /* SystemConfiguration.framework */,
				61876B49B745A4676E5DD699 /* Pods_SwiggyAssignment.framework */,
			);
			name = Frameworks;
			sourceTree = "<group>";
		};
		BD4EEDCECCD55190672D8F61 /* Pods */ = {
			isa = PBXGroup;
			children = (
				AB76860CFA58B36159AF737B /* Pods-SwiggyAssignment.debug.xcconfig */,
				2E7BE990647621D259D620F2 /* Pods-SwiggyAssignment.release.xcconfig */,
			);
			name = Pods;
			sourceTree = "<group>";
		};
/* End PBXGroup section */

/* Begin PBXNativeTarget section */
		3EE639DF1E7A63A400C5262B /* SwiggyAssignment */ = {
			isa = PBXNativeTarget;
			buildConfigurationList = 3EE639F21E7A63A500C5262B /* Build configuration list for PBXNativeTarget "SwiggyAssignment" */;
			buildPhases = (
				DF2FB4BC8557F710DAE51B34 /* [CP] Check Pods Manifest.lock */,
				3EE639DC1E7A63A400C5262B /* Sources */,
				3EE639DD1E7A63A400C5262B /* Frameworks */,
				3EE639DE1E7A63A400C5262B /* Resources */,
				3A96E71F0C9F654198AFB22C /* [CP] Embed Pods Frameworks */,
				19E52B618BFAD7E6A4FD78B6 /* [CP] Copy Pods Resources */,
			);
			buildRules = (
			);
			dependencies = (
			);
			name = SwiggyAssignment;
			productName = SwiggyAssignment;
			productReference = 3EE639E01E7A63A500C5262B /* SwiggyAssignment.app */;
			productType = "com.apple.product-type.application";
		};
/* End PBXNativeTarget section */

/* Begin PBXProject section */
		3EE639D81E7A63A400C5262B /* Project object */ = {
			isa = PBXProject;
			attributes = {
				LastSwiftUpdateCheck = 0820;
				LastUpgradeCheck = 0820;
				ORGANIZATIONNAME = "Subhodip Banerjee";
				TargetAttributes = {
					3EE639DF1E7A63A400C5262B = {
						CreatedOnToolsVersion = 8.2.1;
						LastSwiftMigration = 0820;
						ProvisioningStyle = Automatic;
					};
				};
			};
			buildConfigurationList = 3EE639DB1E7A63A400C5262B /* Build configuration list for PBXProject "SwiggyAssignment" */;
			compatibilityVersion = "Xcode 3.2";
			developmentRegion = English;
			hasScannedForEncodings = 0;
			knownRegions = (
				en,
				Base,
			);
			mainGroup = 3EE639D71E7A63A400C5262B;
			productRefGroup = 3EE639E11E7A63A500C5262B /* Products */;
			projectDirPath = "";
			projectRoot = "";
			targets = (
				3EE639DF1E7A63A400C5262B /* SwiggyAssignment */,
			);
		};
/* End PBXProject section */

/* Begin PBXResourcesBuildPhase section */
		3EE639DE1E7A63A400C5262B /* Resources */ = {
			isa = PBXResourcesBuildPhase;
			buildActionMask = 2147483647;
			files = (
				3EA606831E7A665500D42E37 /* .gitignore in Resources */,
				3EE639EE1E7A63A500C5262B /* LaunchScreen.storyboard in Resources */,
				3EE639EB1E7A63A500C5262B /* Assets.xcassets in Resources */,
				3EE639E91E7A63A500C5262B /* Main.storyboard in Resources */,
			);
			runOnlyForDeploymentPostprocessing = 0;
		};
/* End PBXResourcesBuildPhase section */

/* Begin PBXShellScriptBuildPhase section */
		19E52B618BFAD7E6A4FD78B6 /* [CP] Copy Pods Resources */ = {
			isa = PBXShellScriptBuildPhase;
			buildActionMask = 2147483647;
			files = (
			);
			inputPaths = (
			);
			name = "[CP] Copy Pods Resources";
			outputPaths = (
			);
			runOnlyForDeploymentPostprocessing = 0;
			shellPath = /bin/sh;
			shellScript = "\"${SRCROOT}/Pods/Target Support Files/Pods-SwiggyAssignment/Pods-SwiggyAssignment-resources.sh\"\n";
			showEnvVarsInLog = 0;
		};
		3A96E71F0C9F654198AFB22C /* [CP] Embed Pods Frameworks */ = {
			isa = PBXShellScriptBuildPhase;
			buildActionMask = 2147483647;
			files = (
			);
			inputPaths = (
			);
			name = "[CP] Embed Pods Frameworks";
			outputPaths = (
			);
			runOnlyForDeploymentPostprocessing = 0;
			shellPath = /bin/sh;
			shellScript = "\"${SRCROOT}/Pods/Target Support Files/Pods-SwiggyAssignment/Pods-SwiggyAssignment-frameworks.sh\"\n";
			showEnvVarsInLog = 0;
		};
		DF2FB4BC8557F710DAE51B34 /* [CP] Check Pods Manifest.lock */ = {
			isa = PBXShellScriptBuildPhase;
			buildActionMask = 2147483647;
			files = (
			);
			inputPaths = (
			);
			name = "[CP] Check Pods Manifest.lock";
			outputPaths = (
			);
			runOnlyForDeploymentPostprocessing = 0;
			shellPath = /bin/sh;
			shellScript = "diff \"${PODS_ROOT}/../Podfile.lock\" \"${PODS_ROOT}/Manifest.lock\" > /dev/null\nif [ $? != 0 ] ; then\n    # print error to STDERR\n    echo \"error: The sandbox is not in sync with the Podfile.lock. Run 'pod install' or update your CocoaPods installation.\" >&2\n    exit 1\nfi\n";
			showEnvVarsInLog = 0;
		};
/* End PBXShellScriptBuildPhase section */

/* Begin PBXSourcesBuildPhase section */
		3EE639DC1E7A63A400C5262B /* Sources */ = {
			isa = PBXSourcesBuildPhase;
			buildActionMask = 2147483647;
			files = (
				3EA606A51E7A6CE000D42E37 /* SwiggyCategory.swift in Sources */,
				3EA6069D1E7A6B8900D42E37 /* SwiggyVariantCell.swift in Sources */,
				3EA606971E7A6AF700D42E37 /* RestFulServices.swift in Sources */,
				3EA6068B1E7A684600D42E37 /* HomeVC.swift in Sources */,
				3EA606881E7A672A00D42E37 /* Reachability.m in Sources */,
				3EA606A91E7A6CFC00D42E37 /* SwiggyBaseModel.swift in Sources */,
				3EA606A71E7A6CED00D42E37 /* SwiggyVariants.swift in Sources */,
				3EA606A21E7A6C8700D42E37 /* SwiggyExclusionList.swift in Sources */,
				3EA6069B1E7A6B7500D42E37 /* SwiggyCategoryCell.swift in Sources */,
				3EE639E41E7A63A500C5262B /* AppDelegate.swift in Sources */,
				3EA606951E7A69EB00D42E37 /* Constants.swift in Sources */,
			);
			runOnlyForDeploymentPostprocessing = 0;
		};
/* End PBXSourcesBuildPhase section */

/* Begin PBXVariantGroup section */
		3EE639E71E7A63A500C5262B /* Main.storyboard */ = {
			isa = PBXVariantGroup;
			children = (
				3EE639E81E7A63A500C5262B /* Base */,
			);
			name = Main.storyboard;
			path = ../..;
			sourceTree = "<group>";
		};
		3EE639EC1E7A63A500C5262B /* LaunchScreen.storyboard */ = {
			isa = PBXVariantGroup;
			children = (
				3EE639ED1E7A63A500C5262B /* Base */,
			);
			name = LaunchScreen.storyboard;
			path = ../..;
			sourceTree = "<group>";
		};
/* End PBXVariantGroup section */

/* Begin XCBuildConfiguration section */
		3EE639F01E7A63A500C5262B /* Debug */ = {
			isa = XCBuildConfiguration;
			buildSettings = {
				ALWAYS_SEARCH_USER_PATHS = NO;
				CLANG_ANALYZER_NONNULL = YES;
				CLANG_CXX_LANGUAGE_STANDARD = "gnu++0x";
				CLANG_CXX_LIBRARY = "libc++";
				CLANG_ENABLE_MODULES = YES;
				CLANG_ENABLE_OBJC_ARC = YES;
				CLANG_WARN_BOOL_CONVERSION = YES;
				CLANG_WARN_CONSTANT_CONVERSION = YES;
				CLANG_WARN_DIRECT_OBJC_ISA_USAGE = YES_ERROR;
				CLANG_WARN_DOCUMENTATION_COMMENTS = YES;
				CLANG_WARN_EMPTY_BODY = YES;
				CLANG_WARN_ENUM_CONVERSION = YES;
				CLANG_WARN_INFINITE_RECURSION = YES;
				CLANG_WARN_INT_CONVERSION = YES;
				CLANG_WARN_OBJC_ROOT_CLASS = YES_ERROR;
				CLANG_WARN_SUSPICIOUS_MOVE = YES;
				CLANG_WARN_UNREACHABLE_CODE = YES;
				CLANG_WARN__DUPLICATE_METHOD_MATCH = YES;
				"CODE_SIGN_IDENTITY[sdk=iphoneos*]" = "iPhone Developer";
				COPY_PHASE_STRIP = NO;
				DEBUG_INFORMATION_FORMAT = dwarf;
				ENABLE_STRICT_OBJC_MSGSEND = YES;
				ENABLE_TESTABILITY = YES;
				GCC_C_LANGUAGE_STANDARD = gnu99;
				GCC_DYNAMIC_NO_PIC = NO;
				GCC_NO_COMMON_BLOCKS = YES;
				GCC_OPTIMIZATION_LEVEL = 0;
				GCC_PREPROCESSOR_DEFINITIONS = (
					"DEBUG=1",
					"$(inherited)",
				);
				GCC_WARN_64_TO_32_BIT_CONVERSION = YES;
				GCC_WARN_ABOUT_RETURN_TYPE = YES_ERROR;
				GCC_WARN_UNDECLARED_SELECTOR = YES;
				GCC_WARN_UNINITIALIZED_AUTOS = YES_AGGRESSIVE;
				GCC_WARN_UNUSED_FUNCTION = YES;
				GCC_WARN_UNUSED_VARIABLE = YES;
				IPHONEOS_DEPLOYMENT_TARGET = 10.2;
				MTL_ENABLE_DEBUG_INFO = YES;
				ONLY_ACTIVE_ARCH = YES;
				SDKROOT = iphoneos;
				SWIFT_ACTIVE_COMPILATION_CONDITIONS = DEBUG;
				SWIFT_OPTIMIZATION_LEVEL = "-Onone";
				TARGETED_DEVICE_FAMILY = "1,2";
			};
			name = Debug;
		};
		3EE639F11E7A63A500C5262B /* Release */ = {
			isa = XCBuildConfiguration;
			buildSettings = {
				ALWAYS_SEARCH_USER_PATHS = NO;
				CLANG_ANALYZER_NONNULL = YES;
				CLANG_CXX_LANGUAGE_STANDARD = "gnu++0x";
				CLANG_CXX_LIBRARY = "libc++";
				CLANG_ENABLE_MODULES = YES;
				CLANG_ENABLE_OBJC_ARC = YES;
				CLANG_WARN_BOOL_CONVERSION = YES;
				CLANG_WARN_CONSTANT_CONVERSION = YES;
				CLANG_WARN_DIRECT_OBJC_ISA_USAGE = YES_ERROR;
				CLANG_WARN_DOCUMENTATION_COMMENTS = YES;
				CLANG_WARN_EMPTY_BODY = YES;
				CLANG_WARN_ENUM_CONVERSION = YES;
				CLANG_WARN_INFINITE_RECURSION = YES;
				CLANG_WARN_INT_CONVERSION = YES;
				CLANG_WARN_OBJC_ROOT_CLASS = YES_ERROR;
				CLANG_WARN_SUSPICIOUS_MOVE = YES;
				CLANG_WARN_UNREACHABLE_CODE = YES;
				CLANG_WARN__DUPLICATE_METHOD_MATCH = YES;
				"CODE_SIGN_IDENTITY[sdk=iphoneos*]" = "iPhone Developer";
				COPY_PHASE_STRIP = NO;
				DEBUG_INFORMATION_FORMAT = "dwarf-with-dsym";
				ENABLE_NS_ASSERTIONS = NO;
				ENABLE_STRICT_OBJC_MSGSEND = YES;
				GCC_C_LANGUAGE_STANDARD = gnu99;
				GCC_NO_COMMON_BLOCKS = YES;
				GCC_WARN_64_TO_32_BIT_CONVERSION = YES;
				GCC_WARN_ABOUT_RETURN_TYPE = YES_ERROR;
				GCC_WARN_UNDECLARED_SELECTOR = YES;
				GCC_WARN_UNINITIALIZED_AUTOS = YES_AGGRESSIVE;
				GCC_WARN_UNUSED_FUNCTION = YES;
				GCC_WARN_UNUSED_VARIABLE = YES;
				IPHONEOS_DEPLOYMENT_TARGET = 10.2;
				MTL_ENABLE_DEBUG_INFO = NO;
				SDKROOT = iphoneos;
				SWIFT_OPTIMIZATION_LEVEL = "-Owholemodule";
				TARGETED_DEVICE_FAMILY = "1,2";
				VALIDATE_PRODUCT = YES;
			};
			name = Release;
		};
		3EE639F31E7A63A500C5262B /* Debug */ = {
			isa = XCBuildConfiguration;
			baseConfigurationReference = AB76860CFA58B36159AF737B /* Pods-SwiggyAssignment.debug.xcconfig */;
			buildSettings = {
				ASSETCATALOG_COMPILER_APPICON_NAME = AppIcon;
				CLANG_ENABLE_MODULES = YES;
				INFOPLIST_FILE = SwiggyAssignment/Info.plist;
				LD_RUNPATH_SEARCH_PATHS = "$(inherited) @executable_path/Frameworks";
				PRODUCT_BUNDLE_IDENTIFIER = abc.SwiggyAssignment;
				PRODUCT_NAME = "$(TARGET_NAME)";
				SWIFT_OBJC_BRIDGING_HEADER = "SwiggyAssignment/Reachability/SwiggyAssignment-Bridging-Header.h";
				SWIFT_OPTIMIZATION_LEVEL = "-Onone";
				SWIFT_VERSION = 3.0;
			};
			name = Debug;
		};
		3EE639F41E7A63A500C5262B /* Release */ = {
			isa = XCBuildConfiguration;
			baseConfigurationReference = 2E7BE990647621D259D620F2 /* Pods-SwiggyAssignment.release.xcconfig */;
			buildSettings = {
				ASSETCATALOG_COMPILER_APPICON_NAME = AppIcon;
				CLANG_ENABLE_MODULES = YES;
				INFOPLIST_FILE = SwiggyAssignment/Info.plist;
				LD_RUNPATH_SEARCH_PATHS = "$(inherited) @executable_path/Frameworks";
				PRODUCT_BUNDLE_IDENTIFIER = abc.SwiggyAssignment;
				PRODUCT_NAME = "$(TARGET_NAME)";
				SWIFT_OBJC_BRIDGING_HEADER = "SwiggyAssignment/Reachability/SwiggyAssignment-Bridging-Header.h";
				SWIFT_VERSION = 3.0;
			};
			name = Release;
		};
/* End XCBuildConfiguration section */

/* Begin XCConfigurationList section */
		3EE639DB1E7A63A400C5262B /* Build configuration list for PBXProject "SwiggyAssignment" */ = {
			isa = XCConfigurationList;
			buildConfigurations = (
				3EE639F01E7A63A500C5262B /* Debug */,
				3EE639F11E7A63A500C5262B /* Release */,
			);
			defaultConfigurationIsVisible = 0;
			defaultConfigurationName = Release;
		};
		3EE639F21E7A63A500C5262B /* Build configuration list for PBXNativeTarget "SwiggyAssignment" */ = {
			isa = XCConfigurationList;
			buildConfigurations = (
				3EE639F31E7A63A500C5262B /* Debug */,
				3EE639F41E7A63A500C5262B /* Release */,
			);
			defaultConfigurationIsVisible = 0;
			defaultConfigurationName = Release;
		};
/* End XCConfigurationList section */
	};
	rootObject = 3EE639D81E7A63A400C5262B /* Project object */;
}
